
Microsoft Visual Studio Solution File, Format Version 12.00
# Visual Studio Version 16
VisualStudioVersion = 16.0.31321.278
MinimumVisualStudioVersion = 10.0.40219.1
Project("{FAE04EC0-301F-11D3-BF4B-00C04F79EFBC}") = "TrackerLibrary", "TrackerLibrary\TrackerLibrary.csproj", "{1CE302E3-419D-427C-A713-128AD16AEEF4}"
EndProject
Project("{FAE04EC0-301F-11D3-BF4B-00C04F79EFBC}") = "TrackerUI", "TrackerUI\TrackerUI.csproj", "{8998A444-027E-4EEC-8F8E-505F8DA937B1}"
EndProject
Global
	GlobalSection(SolutionConfigurationPlatforms) = preSolution
		Debug|Any CPU = Debug|Any CPU
		Release|Any CPU = Release|Any CPU
	EndGlobalSection
	GlobalSection(ProjectConfigurationPlatforms) = postSolution
		{1CE302E3-419D-427C-A713-128AD16AEEF4}.Debug|Any CPU.ActiveCfg = Debug|Any CPU
		{1CE302E3-419D-427C-A713-128AD16AEEF4}.Debug|Any CPU.Build.0 = Debug|Any CPU
		{1CE302E3-419D-427C-A713-128AD16AEEF4}.Release|Any CPU.ActiveCfg = Release|Any CPU
		{1CE302E3-419D-427C-A713-128AD16AEEF4}.Release|Any CPU.Build.0 = Release|Any CPU
		{8998A444-027E-4EEC-8F8E-505F8DA937B1}.Debug|Any CPU.ActiveCfg = Debug|Any CPU
		{8998A444-027E-4EEC-8F8E-505F8DA937B1}.Debug|Any CPU.Build.0 = Debug|Any CPU
		{8998A444-027E-4EEC-8F8E-505F8DA937B1}.Release|Any CPU.ActiveCfg = Release|Any CPU
		{8998A444-027E-4EEC-8F8E-505F8DA937B1}.Release|Any CPU.Build.0 = Release|Any CPU
	EndGlobalSection
	GlobalSection(SolutionProperties) = preSolution
		HideSolutionNode = FALSE
	EndGlobalSection
	GlobalSection(ExtensibilityGlobals) = postSolution
		SolutionGuid = {9E9A3C9C-D63C-43B9-8FDF-B47718410B4F}
	EndGlobalSection
EndGlobal
